github.com/aws/aws-sdk-go-v2 v1.39.5 h1:e/SXuia3rkFtapghJROrydtQpfQaaUgd1cUvyO1mp2w=
github.com/aws/aws-sdk-go-v2 v1.39.5/go.mod h1:yWSxrnioGUZ4WVv9TgMrNUeLV3PFESn/v+6T/Su8gnM=
github.com/aws/aws-sdk-go-v2/aws/protocol/eventstream v1.7.1 h1:i8p8P4diljCr60PpJp6qZXNlgX4m2yQFpYk+9ZT+J4E=
github.com/aws/aws-sdk-go-v2/aws/protocol/eventstream v1.7.1/go.mod h1:ddqbooRZYNoJ2dsTwOty16rM+/Aqmk/GOXrK8cg7V00=
github.com/aws/aws-sdk-go-v2/config v1.31.10 h1:7LllDZAegXU3yk41mwM6KcPu0wmjKGQB1bg99bNdQm4=
github.com/aws/aws-sdk-go-v2/config v1.31.10/go.mod h1:Ge6gzXPjqu4v0oHvgAwvGzYcK921GU0hQM25WF/Kl+8=
github.com/aws/aws-sdk-go-v2/credentials v1.18.20 h1:KFndAnHd9NUuzikHjQ8D5CfFVO+bgELkmcGY8yAw98Q=
github.com/aws/aws-sdk-go-v2/credentials v1.18.20/go.mod h1:9mCi28a+fmBHSQ0UM79omkz6JtN+PEsvLrnG36uoUv0=
github.com/aws/aws-sdk-go-v2/feature/ec2/imds v1.18.12 h1:VO3FIM2TDbm0kqp6sFNR0PbioXJb/HzCDW6NtIZpIWE=
github.com/aws/aws-sdk-go-v2/feature/ec2/imds v1.18.12/go.mod h1:6C39gB8kg82tx3r72muZSrNhHia9rjGkX7ORaS2GKNE=
github.com/aws/aws-sdk-go-v2/feature/s3/manager v1.19.4 h1:BTl+TXrpnrpPWb/J3527GsJ/lMkn7z3GO12j6OlsbRg=
github.com/aws/aws-sdk-go-v2/feature/s3/manager v1.19.4/go.mod h1:cG2tenc/fscpChiZE29a2crG9uo2t6nQGflFllFL8M8=
github.com/aws/aws-sdk-go-v2/internal/configsources v1.4.12 h1:p/9flfXdoAnwJnuW9xHEAFY22R3A6skYkW19JFF9F+8=
github.com/aws/aws-sdk-go-v2/internal/configsources v1.4.12/go.mod h1:ZTLHakoVCTtW8AaLGSwJ3LXqHD9uQKnOcv1TrpO6u2k=
github.com/aws/aws-sdk-go-v2/internal/endpoints/v2 v2.7.12 h1:2lTWFvRcnWFFLzHWmtddu5MTchc5Oj2OOey++99tPZ0=
github.com/aws/aws-sdk-go-v2/internal/endpoints/v2 v2.7.12/go.mod h1:hI92pK+ho8HVcWMHKHrK3Uml4pfG7wvL86FzO0LVtQQ=
github.com/aws/aws-sdk-go-v2/internal/ini v1.8.3 h1:bIqFDwgGXXN1Kpp99pDOdKMTTb5d2KyU5X/BZxjOkRo=
github.com/aws/aws-sdk-go-v2/internal/ini v1.8.3/go.mod h1:H5O/EsxDWyU+LP/V8i5sm8cxoZgc2fdNR9bxlOFrQTo=
github.com/aws/aws-sdk-go-v2/internal/v4a v1.4.8 h1:1/bT9kDdLQzfZ1e6J6hpW+SfNDd6xrV8F3M2CuGyUz8=
github.com/aws/aws-sdk-go-v2/internal/v4a v1.4.8/go.mod h1:RbdwTONAIi59ej/+1H+QzZORt5bcyAtbrS7FQb2pvz0=
github.com/aws/aws-sdk-go-v2/service/internal/accept-encoding v1.13.2 h1:xtuxji5CS0JknaXoACOunXOYOQzgfTvGAc9s2QdCJA4=
github.com/aws/aws-sdk-go-v2/service/internal/accept-encoding v1.13.2/go.mod h1:zxwi0DIR0rcRcgdbl7E2MSOvxDyyXGBlScvBkARFaLQ=
github.com/aws/aws-sdk-go-v2/service/internal/checksum v1.8.8 h1:tIN8MFT1z5STK5kTdOT1TCfMN/bn5fSEnlKsTL8qBOU=
github.com/aws/aws-sdk-go-v2/service/internal/checksum v1.8.8/go.mod h1:VKS56txtNWjKI8FqD/hliL0BcshyF4ZaLBa1rm2Y+5s=
github.com/aws/aws-sdk-go-v2/service/internal/presigned-url v1.13.12 h1:MM8imH7NZ0ovIVX7D2RxfMDv7Jt9OiUXkcQ+GqywA7M=
github.com/aws/aws-sdk-go-v2/service/internal/presigned-url v1.13.12/go.mod h1:gf4OGwdNkbEsb7elw2Sy76odfhwNktWII3WgvQgQQ6w=
github.com/aws/aws-sdk-go-v2/service/internal/s3shared v1.19.8 h1:AgYCo1Rb8XChJXA871BXHDNxNWOTAr6V5YdsRIBbgv0=
github.com/aws/aws-sdk-go-v2/service/internal/s3shared v1.19.8/go.mod h1:Au9dvIGm1Hbqnt29d3VakOCQuN9l0WrkDDTRq8biWS4=
github.com/aws/aws-sdk-go-v2/service/s3 v1.88.2 h1:T7b3qniouutV5Wwa9B1q7gW+Y8s1B3g9RE9qa7zLBIM=
github.com/aws/aws-sdk-go-v2/service/s3 v1.88.2/go.mod h1:tW9TsLb6t1eaTdBE6LITyJW1m/+DjQPU78Q/jT2FJu8=
github.com/aws/aws-sdk-go-v2/service/sso v1.30.0 h1:xHXvxst78wBpJFgDW07xllOx0IAzbryrSdM4nMVQ4Dw=
github.com/aws/aws-sdk-go-v2/service/sso v1.30.0/go.mod h1:/e8m+AO6HNPPqMyfKRtzZ9+mBF5/x1Wk8QiDva4m07I=
github.com/aws/aws-sdk-go-v2/service/ssooidc v1.35.4 h1:tBw2Qhf0kj4ZwtsVpDiVRU3zKLvjvjgIjHMKirxXg8M=
github.com/aws/aws-sdk-go-v2/service/ssooidc v1.35.4/go.mod h1:Deq4B7sRM6Awq/xyOBlxBdgW8/Z926KYNNaGMW2lrkA=
github.com/aws/aws-sdk-go-v2/service/sts v1.39.0 h1:C+BRMnasSYFcgDw8o9H5hzehKzXyAb9GY5v/8bP9DUY=
github.com/aws/aws-sdk-go-v2/service/sts v1.39.0/go.mod h1:4EjU+4mIx6+JqKQkruye+CaigV7alL3thVPfDd9VlMs=
github.com/aws/smithy-go v1.23.1 h1:sLvcH6dfAFwGkHLZ7dGiYF7aK6mg4CgKA/iDKjLDt9M=
github.com/aws/smithy-go v1.23.1/go.mod h1:LEj2LM3rBRQJxPZTB4KuzZkaZYnZPnvgIhb4pu07mx0=
github.com/caarlos0/env/v11 v11.3.1 h1:cArPWC15hWmEt+gWk7YBi7lEXTXCvpaSdCiZE2X5mCA=
github.com/caarlos0/env/v11 v11.3.1/go.mod h1:qupehSf/Y0TUTsxKywqRt/vJjN5nz6vauiYEUUr8P4U=
github.com/pocketbase/pocketbase v0.30.0 h1:7v9O3hBYyHyptnnFjdP8tEJIuyHEfjhG6PC4gjf5eoE=
github.com/pocketbase/pocketbase v0.30.0/go.mod h1:gZIwampw4VqMcEdGHwBZgSa54xWIDgVJb4uINUMXLmA=
