github.com/aws/aws-sdk-go-v2 v1.41.8 h1:sRs7nG6/RiEBZ/K5UO2sNw0w40U02Nmz1VtARloTZXk=
github.com/aws/aws-sdk-go-v2 v1.41.8/go.mod h1:4LAfZOPHNVNQEckOACQx60Y8pSRjIkNZQz1w92xpMJc=
github.com/aws/aws-sdk-go-v2/aws/protocol/eventstream v1.7.10 h1:gx1AwW1Iyk9Z9dD9F4akX5gnN3QZwUB20GGKH/I+Rho=
github.com/aws/aws-sdk-go-v2/aws/protocol/eventstream v1.7.10/go.mod h1:qqY157uZoqm5OXq/amuaBJyC9hgBCBQnsaWnPe905GY=
github.com/aws/aws-sdk-go-v2/config v1.32.16 h1:Q0iQ7quUgJP0F/SCRTieScnaMdXr9h/2+wze1u3cNeM=
github.com/aws/aws-sdk-go-v2/config v1.32.16/go.mod h1:duCCnJEFqpt2RC6no1iK6q+8HpwOAkiUua0pY507dQc=
github.com/aws/aws-sdk-go-v2/credentials v1.19.15 h1:fyvgWTszojq8hEnMi8PPBTvZdTtEVmAVyo+NFLHBhH4=
github.com/aws/aws-sdk-go-v2/credentials v1.19.15/go.mod h1:gJiYyMOjNg8OEdRWOf3CrFQxM2a98qmrtjx1zuiQfB8=
github.com/aws/aws-sdk-go-v2/feature/ec2/imds v1.18.22 h1:IOGsJ1xVWhsi+ZO7/NW8OuZZBtMJLZbk4P5HDjJO0jQ=
github.com/aws/aws-sdk-go-v2/feature/ec2/imds v1.18.22/go.mod h1:b+hYdbU+jGKfXE8kKM6g1+h+L/Go3vMvzlxBsiuGsxg=
github.com/aws/aws-sdk-go-v2/feature/s3/manager v1.22.16 h1:QkX8xXGmX81xuFrXNqU7NChFXVuKOl9EFrlSjy4RDfg=
github.com/aws/aws-sdk-go-v2/feature/s3/manager v1.22.16/go.mod h1:CI+oguch+yROmJLFO0/wp8oRXmtUBibAQCis7lKQ95g=
github.com/aws/aws-sdk-go-v2/internal/configsources v1.4.24 h1:u6kJU2i0va1AgtJsH3RdWKWqHULlTh7zHwb35Womf74=
github.com/aws/aws-sdk-go-v2/internal/configsources v1.4.24/go.mod h1:7GY+xLcXOFUpCkNwDReft9qOAVg54A4/AnjHIU7sSAY=
github.com/aws/aws-sdk-go-v2/internal/endpoints/v2 v2.7.24 h1:Xhbcf3KugX6vX7SDyUK205Oicyfg7EGuvoVNyP5L6DM=
github.com/aws/aws-sdk-go-v2/internal/endpoints/v2 v2.7.24/go.mod h1:rwDgb2HNOGZsnTHylOUedM7Vnl+bCfnXDqUNPsFWYfk=
github.com/aws/aws-sdk-go-v2/internal/v4a v1.4.25 h1:54CTMmlJ71Rk2dYvM9qZOob+39wjlVja2zDLxCu69Ew=
github.com/aws/aws-sdk-go-v2/internal/v4a v1.4.25/go.mod h1:BZaHqxsS9vN1fvV5EfEl0OBLOk5+AajWsMu6MjqnZB4=
github.com/aws/aws-sdk-go-v2/service/internal/accept-encoding v1.13.9 h1:FLudkZLt5ci0ozzgkVo8BJGwvqNaZbTWb3UcucAateA=
github.com/aws/aws-sdk-go-v2/service/internal/accept-encoding v1.13.9/go.mod h1:w7wZ/s9qK7c8g4al+UyoF1Sp/Z45UwMGcqIzLWVQHWk=
github.com/aws/aws-sdk-go-v2/service/internal/checksum v1.9.17 h1:Zma31M1f9bbD/bsl6haTxupA0+z72L3l2ujKAH37zuI=
github.com/aws/aws-sdk-go-v2/service/internal/checksum v1.9.17/go.mod h1:ZNHrGwBST3tZxBCTKbindx0BEdPN0Jnh7yJ7EVnktUM=
github.com/aws/aws-sdk-go-v2/service/internal/presigned-url v1.13.24 h1:CQW2FTrflfoslYWLf3fv7vG28Q219+v8YJS5QTQb2+Y=
github.com/aws/aws-sdk-go-v2/service/internal/presigned-url v1.13.24/go.mod h1:Xfx13T+u3nH6EEzgl9fBSO6nDRmze1FvnZNYkctQ2zw=
github.com/aws/aws-sdk-go-v2/service/internal/s3shared v1.19.24 h1:yPLVC8Lbsw92eepgdIZCChHRNQek5eAvAz5wS+UIpJE=
github.com/aws/aws-sdk-go-v2/service/internal/s3shared v1.19.24/go.mod h1:H2h39H1AivHYkozUIUYoVJGMUOvdJ4Lv9DLyUSMAjW8=
github.com/aws/aws-sdk-go-v2/service/s3 v1.102.1 h1:vttIo8BQwfnhimKRBZBBF3Y38SAIxif72B/M91m9hDk=
github.com/aws/aws-sdk-go-v2/service/s3 v1.102.1/go.mod h1:2qjInACJr84m/Tm4XXCcVNpejmbKy9kz7TEa6viQHSk=
github.com/aws/aws-sdk-go-v2/service/signin v1.0.10 h1:a1Fq/KXn75wSzoJaPQTgZO0wHGqE9mjFnylnqEPTchA=
github.com/aws/aws-sdk-go-v2/service/signin v1.0.10/go.mod h1:p6+MXNxW7IA6dMgHfTAzljuwSKD0NCm/4lbS4t6+7vI=
github.com/aws/aws-sdk-go-v2/service/sso v1.30.16 h1:x6bKbmDhsgSZwv6q19wY/u3rLk/3FGjJWyqKcIRufpE=
github.com/aws/aws-sdk-go-v2/service/sso v1.30.16/go.mod h1:CudnEVKRtLn0+3uMV0yEXZ+YZOKnAtUJ5DmDhilVnIw=
github.com/aws/aws-sdk-go-v2/service/ssooidc v1.35.20 h1:oK/njaL8GtyEihkWMD4k3VgHCT64RQKkZwh0DG5j8ak=
github.com/aws/aws-sdk-go-v2/service/ssooidc v1.35.20/go.mod h1:JHs8/y1f3zY7U5WcuzoJ/yAYGYtNIVPKLIbp61euvmg=
github.com/aws/aws-sdk-go-v2/service/sts v1.42.0 h1:ks8KBcZPh3PYISr5dAiXCM5/Thcuxk8l+PG4+A0exds=
github.com/aws/aws-sdk-go-v2/service/sts v1.42.0/go.mod h1:pFw33T0WLvXU3rw1WBkpMlkgIn54eCB5FYLhjDc9Foo=
github.com/aws/smithy-go v1.25.1 h1:J8ERsGSU7d+aCmdQur5Txg6bVoYelvQJgtZehD12GkI=
github.com/aws/smithy-go v1.25.1/go.mod h1:YE2RhdIuDbA5E5bTdciG9KrW3+TiEONeUWCqxX9i1Fc=
github.com/caarlos0/env/v11 v11.3.1 h1:cArPWC15hWmEt+gWk7YBi7lEXTXCvpaSdCiZE2X5mCA=
github.com/caarlos0/env/v11 v11.3.1/go.mod h1:qupehSf/Y0TUTsxKywqRt/vJjN5nz6vauiYEUUr8P4U=
github.com/pocketbase/pocketbase v0.35.1 h1:Cd5ivUThTw29myY/tYa2cb0elkScBMseG6fExZsIQB8=
github.com/pocketbase/pocketbase v0.35.1/go.mod h1:yQnh1o1Aq6wVuqcmZbRbDmIhc31AME/F5pnPR0Bdtmg=
