github.com/aws/aws-sdk-go-v2 v1.38.2 h1:QUkLO1aTW0yqW95pVzZS0LGFanL71hJ0a49w4TJLMyM=
github.com/aws/aws-sdk-go-v2 v1.38.2/go.mod h1:sDioUELIUO9Znk23YVmIk86/9DOpkbyyVb1i/gUNFXY=
github.com/aws/aws-sdk-go-v2/aws/protocol/eventstream v1.7.1 h1:i8p8P4diljCr60PpJp6qZXNlgX4m2yQFpYk+9ZT+J4E=
github.com/aws/aws-sdk-go-v2/aws/protocol/eventstream v1.7.1/go.mod h1:ddqbooRZYNoJ2dsTwOty16rM+/Aqmk/GOXrK8cg7V00=
github.com/aws/aws-sdk-go-v2/config v1.30.3 h1:utupeVnE3bmB221W08P0Moz1lDI3OwYa2fBtUhl7TCc=
github.com/aws/aws-sdk-go-v2/config v1.30.3/go.mod h1:NDGwOEBdpyZwLPlQkpKIO7frf18BW8PaCmAM9iUxQmI=
github.com/aws/aws-sdk-go-v2/credentials v1.18.3 h1:ptfyXmv+ooxzFwyuBth0yqABcjVIkjDL0iTYZBSbum8=
github.com/aws/aws-sdk-go-v2/credentials v1.18.3/go.mod h1:Q43Nci++Wohb0qUh4m54sNln0dbxJw8PvQWkrwOkGOI=
github.com/aws/aws-sdk-go-v2/feature/ec2/imds v1.18.2 h1:nRniHAvjFJGUCl04F3WaAj7qp/rcz5Gi1OVoj5ErBkc=
github.com/aws/aws-sdk-go-v2/feature/ec2/imds v1.18.2/go.mod h1:eJDFKAMHHUvv4a0Zfa7bQb//wFNUXGrbFpYRCHe2kD0=
github.com/aws/aws-sdk-go-v2/feature/s3/manager v1.18.3 h1:Nb2pUE30lySKPGdkiIJ1SZgHsjiebOiRNI7R9NA1WtM=
github.com/aws/aws-sdk-go-v2/feature/s3/manager v1.18.3/go.mod h1:BO5EKulvhBF1NXwui8lfnuDPBQQU5807yvWASZ/5n6k=
github.com/aws/aws-sdk-go-v2/internal/configsources v1.4.5 h1:d45S2DqHZOkHu0uLUW92VdBoT5v0hh3EyR+DzMEh3ag=
github.com/aws/aws-sdk-go-v2/internal/configsources v1.4.5/go.mod h1:G6e/dR2c2huh6JmIo9SXysjuLuDDGWMeYGibfW2ZrXg=
github.com/aws/aws-sdk-go-v2/internal/endpoints/v2 v2.7.5 h1:ENhnQOV3SxWHplOqNN1f+uuCNf9n4Y/PKpl6b1WRP0Q=
github.com/aws/aws-sdk-go-v2/internal/endpoints/v2 v2.7.5/go.mod h1:csQLMI+odbC0/J+UecSTztG70Dc4aTCOu4GyPNDNpVo=
github.com/aws/aws-sdk-go-v2/internal/ini v1.8.3 h1:bIqFDwgGXXN1Kpp99pDOdKMTTb5d2KyU5X/BZxjOkRo=
github.com/aws/aws-sdk-go-v2/internal/ini v1.8.3/go.mod h1:H5O/EsxDWyU+LP/V8i5sm8cxoZgc2fdNR9bxlOFrQTo=
github.com/aws/aws-sdk-go-v2/internal/v4a v1.4.5 h1:ovHE1XM53pMGOwINf8Mas4FMl5XRRMAihNokV1YViZ8=
github.com/aws/aws-sdk-go-v2/internal/v4a v1.4.5/go.mod h1:Cmu/DOSYwcr0xYTFk7sA9NJ5HF3ND0EqNUBdoK16nPI=
github.com/aws/aws-sdk-go-v2/service/internal/accept-encoding v1.13.1 h1:oegbebPEMA/1Jny7kvwejowCaHz1FWZAQ94WXFNCyTM=
github.com/aws/aws-sdk-go-v2/service/internal/accept-encoding v1.13.1/go.mod h1:kemo5Myr9ac0U9JfSjMo9yHLtw+pECEHsFtJ9tqCEI8=
github.com/aws/aws-sdk-go-v2/service/internal/checksum v1.8.5 h1:gC3YW8AojITDXfI5avcKZst5iOg6v5aQEU4HIcxwAss=
github.com/aws/aws-sdk-go-v2/service/internal/checksum v1.8.5/go.mod h1:z5OdVolKifM0NpEel6wLkM/TQ0eodWB2dmDFoj3WCbw=
github.com/aws/aws-sdk-go-v2/service/internal/presigned-url v1.13.5 h1:Cx1M/UUgYu9UCQnIMKaOhkVaFvLy1HneD6T4sS/DlKg=
github.com/aws/aws-sdk-go-v2/service/internal/presigned-url v1.13.5/go.mod h1:fTRNLgrTvPpEzGqc9QkeO4hu/3ng+mdtUbL8shUwXz4=
github.com/aws/aws-sdk-go-v2/service/internal/s3shared v1.19.5 h1:IM2yO5Dd9bzCmYEvLU6Di5kduRKh4O93TjrZ47hxLhQ=
github.com/aws/aws-sdk-go-v2/service/internal/s3shared v1.19.5/go.mod h1:0nXagJIQFWms6GJ1jvPJLwr8r3hN6f+kTwt17Q2NrPQ=
github.com/aws/aws-sdk-go-v2/service/s3 v1.87.2 h1:HNAbIp6VXmtKR+JuDmywGcRc3kYoIGT9y4a2Zg9bSTQ=
github.com/aws/aws-sdk-go-v2/service/s3 v1.87.2/go.mod h1:6VSEglrPCTx7gi7Z7l/CtqSgbnFr1N6UJ6+Ik+vjuEo=
github.com/aws/aws-sdk-go-v2/service/sso v1.27.0 h1:j7/jTOjWeJDolPwZ/J4yZ7dUsxsWZEsxNwH5O7F8eEA=
github.com/aws/aws-sdk-go-v2/service/sso v1.27.0/go.mod h1:M0xdEPQtgpNT7kdAX4/vOAPkFj60hSQRb7TvW9B0iug=
github.com/aws/aws-sdk-go-v2/service/ssooidc v1.32.0 h1:ywQF2N4VjqX+Psw+jLjMmUL2g1RDHlvri3NxHA08MGI=
github.com/aws/aws-sdk-go-v2/service/ssooidc v1.32.0/go.mod h1:Z+qv5Q6b7sWiclvbJyPSOT1BRVU9wfSUPaqQzZ1Xg3E=
github.com/aws/aws-sdk-go-v2/service/sts v1.36.0 h1:bRP/a9llXSSgDPk7Rqn5GD/DQCGo6uk95plBFKoXt2M=
github.com/aws/aws-sdk-go-v2/service/sts v1.36.0/go.mod h1:tgBsFzxwl65BWkuJ/x2EUs59bD4SfYKgikvFDJi1S58=
github.com/aws/smithy-go v1.23.0 h1:8n6I3gXzWJB2DxBDnfxgBaSX6oe0d/t10qGz7OKqMCE=
github.com/aws/smithy-go v1.23.0/go.mod h1:t1ufH5HMublsJYulve2RKmHDC15xu1f26kHCp/HgceI=
github.com/caarlos0/env/v11 v11.3.1 h1:cArPWC15hWmEt+gWk7YBi7lEXTXCvpaSdCiZE2X5mCA=
github.com/caarlos0/env/v11 v11.3.1/go.mod h1:qupehSf/Y0TUTsxKywqRt/vJjN5nz6vauiYEUUr8P4U=
github.com/pocketbase/pocketbase v0.29.1 h1:mqoLTkezSd+GXKpUoJpus/j6OS2M7RlWDNtPZbb8Kj0=
github.com/pocketbase/pocketbase v0.29.1/go.mod h1:QZPKtMCWfiDJb0aLhwgj7ZOr6O8tusbui2EhTFAHThU=
